# @generated - this file is auto-generated by `mise lock` https://mise.en.dev/dev-tools/mise-lock.html

[conda-packages.linux-x64."_openmp_mutex-4.5-20_gnu"]
url = "https://conda.anaconda.org/conda-forge/linux-64/_openmp_mutex-4.5-20_gnu.conda"
checksum = "sha256:1dd3fffd892081df9726d7eb7e0dea6198962ba775bd88842135a4ddb4deb3c9"

[conda-packages.linux-x64."binutils-2.46.1-default_h4852527_102"]
url = "https://conda.anaconda.org/conda-forge/linux-64/binutils-2.46.1-default_h4852527_102.conda"
checksum = "sha256:659c367ef49df7741749a2ad240b007d7df51b4f210505a78543deafb001e44c"

[conda-packages.linux-x64."binutils_impl_linux-64-2.46.1-default_hfdba357_102"]
url = "https://conda.anaconda.org/conda-forge/linux-64/binutils_impl_linux-64-2.46.1-default_hfdba357_102.conda"
checksum = "sha256:fb7bf36984a37ce7e4714d1d1da0bd0e3bfc679520f5cdc184afc676fd4b5da2"

[conda-packages.linux-x64."clang-22-22.1.8-default_h9692865_3"]
url = "https://conda.anaconda.org/conda-forge/linux-64/clang-22-22.1.8-default_h9692865_3.conda"
checksum = "sha256:09c8ad191c20d536b992b8281a6f21a65dd0e3f25413950e69d1adc50940581c"

[conda-packages.linux-x64."clang_impl_linux-64-22.1.8-default_h6d37801_3"]
url = "https://conda.anaconda.org/conda-forge/linux-64/clang_impl_linux-64-22.1.8-default_h6d37801_3.conda"
checksum = "sha256:eb1c68356c7366343fed23d897e54678da7d3b25836de8f280ae1cd0aa5aa8b5"

[conda-packages.linux-x64."compiler-rt-22.1.8-ha770c72_1"]
url = "https://conda.anaconda.org/conda-forge/linux-64/compiler-rt-22.1.8-ha770c72_1.conda"
checksum = "sha256:7ea97a24a9847f7ec91b959c405a9bc5b9c28d4078175dce2d2f8a2014f74969"

[conda-packages.linux-x64."compiler-rt22-22.1.8-hb700be7_1"]
url = "https://conda.anaconda.org/conda-forge/linux-64/compiler-rt22-22.1.8-hb700be7_1.conda"
checksum = "sha256:34c62d3aa085945afa94930621793bccc18c47ce9657a5ef9423f76cf8e9373e"

[conda-packages.linux-x64."compiler-rt22_linux-64-22.1.8-hffcefe0_1"]
url = "https://conda.anaconda.org/conda-forge/noarch/compiler-rt22_linux-64-22.1.8-hffcefe0_1.conda"
checksum = "sha256:c6cd0a10b9b161b0b075a8a78083b23a49d87f0e383d2c199ce11a586fc7d779"

[conda-packages.linux-x64."compiler-rt_linux-64-22.1.8-ha770c72_1"]
url = "https://conda.anaconda.org/conda-forge/noarch/compiler-rt_linux-64-22.1.8-ha770c72_1.conda"
checksum = "sha256:81bb0835e05ef4c60022aa594e16a870bbf39ed4d4180ef87191f56b795cd86c"

[conda-packages.linux-x64."icu-78.3-h33c6efd_1"]
url = "https://conda.anaconda.org/conda-forge/linux-64/icu-78.3-h33c6efd_1.conda"
checksum = "sha256:c054e32ac4c14426006edf9d01981dc564559b4065af7c13c26be904e1babf04"

[conda-packages.linux-x64."kernel-headers_linux-64-5.14.0-he073ed8_3"]
url = "https://conda.anaconda.org/conda-forge/noarch/kernel-headers_linux-64-5.14.0-he073ed8_3.conda"
checksum = "sha256:c4d973dd80ab10028b3e4c58c1c6d8f437bfeaf6069dafb1130dabc550e9caf4"

[conda-packages.linux-x64."ld_impl_linux-64-2.46.1-default_hbd61a6d_102"]
url = "https://conda.anaconda.org/conda-forge/linux-64/ld_impl_linux-64-2.46.1-default_hbd61a6d_102.conda"
checksum = "sha256:27d83f1188cd19bcb7754a078b3fa7f4cfb8527f8eb2fde54dd01fc529d1adec"

[conda-packages.linux-x64."libclang-cpp22.1-22.1.8-default_h6c227bf_3"]
url = "https://conda.anaconda.org/conda-forge/linux-64/libclang-cpp22.1-22.1.8-default_h6c227bf_3.conda"
checksum = "sha256:ccb8bd0a8f2d57675b6a60dabb0cc8becb35c2748ac4ec920d7f7625b93c16d8"

[conda-packages.linux-x64."libcompiler-rt-22.1.8-hb700be7_1"]
url = "https://conda.anaconda.org/conda-forge/linux-64/libcompiler-rt-22.1.8-hb700be7_1.conda"
checksum = "sha256:da7b61922007ff1cfe015ec5156084f2b12f68f554ea8d737689c1dc898f24c0"

[conda-packages.linux-x64."libgcc-15.2.0-he0feb66_19"]
url = "https://conda.anaconda.org/conda-forge/linux-64/libgcc-15.2.0-he0feb66_19.conda"
checksum = "sha256:8e0a3b5e41272e5678499b5dfc4cddb673f9e935de01eb0767ce857001229f46"

[conda-packages.linux-x64."libgcc-devel_linux-64-15.2.0-hcc6f6b0_119"]
url = "https://conda.anaconda.org/conda-forge/noarch/libgcc-devel_linux-64-15.2.0-hcc6f6b0_119.conda"
checksum = "sha256:38a557eba305468ac1f90ac85e50d8defd76141cb0b8a43b2fc1aca71dd5d5f2"

[conda-packages.linux-x64."libgomp-15.2.0-he0feb66_19"]
url = "https://conda.anaconda.org/conda-forge/linux-64/libgomp-15.2.0-he0feb66_19.conda"
checksum = "sha256:5abe4ab9d93f6c9757d654f1969ae2267d4505315c1f2f8fe705fd60af084f1b"

[conda-packages.linux-x64."libiconv-1.18-h3b78370_2"]
url = "https://conda.anaconda.org/conda-forge/linux-64/libiconv-1.18-h3b78370_2.conda"
checksum = "sha256:c467851a7312765447155e071752d7bf9bf44d610a5687e32706f480aad2833f"

[conda-packages.linux-x64."libllvm22-22.1.8-hf7376ad_1"]
url = "https://conda.anaconda.org/conda-forge/linux-64/libllvm22-22.1.8-hf7376ad_1.conda"
checksum = "sha256:e9b5f301d6b001a9b8ce782157f56b75c92c4fbc9eba95dc6345c1139251d13b"

[conda-packages.linux-x64."liblzma-5.8.3-hb03c661_0"]
url = "https://conda.anaconda.org/conda-forge/linux-64/liblzma-5.8.3-hb03c661_0.conda"
checksum = "sha256:ec30e52a3c1bf7d0425380a189d209a52baa03f22fb66dd3eb587acaa765bd6d"

[conda-packages.linux-x64."libstdcxx-15.2.0-h934c35e_19"]
url = "https://conda.anaconda.org/conda-forge/linux-64/libstdcxx-15.2.0-h934c35e_19.conda"
checksum = "sha256:dff1058c76ec6b8759e41cefa2508162d00e4a5e6721aa68ec3fd10094e702dc"

[conda-packages.linux-x64."libxml2-16-2.15.3-hca6bf5a_0"]
url = "https://conda.anaconda.org/conda-forge/linux-64/libxml2-16-2.15.3-hca6bf5a_0.conda"
checksum = "sha256:3d44f737c5ae52d5af32682cc1530df433f401f8e58a7533926536244127572a"

[conda-packages.linux-x64."libxml2-2.15.3-h49c6c72_0"]
url = "https://conda.anaconda.org/conda-forge/linux-64/libxml2-2.15.3-h49c6c72_0.conda"
checksum = "sha256:3bc5551720c58591f6ea1146f7d1539c734ed1c40e7b9f5cb8cb7e900c509aba"

[conda-packages.linux-x64."libzlib-1.3.2-h25fd6f3_2"]
url = "https://conda.anaconda.org/conda-forge/linux-64/libzlib-1.3.2-h25fd6f3_2.conda"
checksum = "sha256:55044c403570f0dc26e6364de4dc5368e5f3fc7ff103e867c487e2b5ab2bcda9"

[conda-packages.linux-x64."llvm-openmp-22.1.8-h4922eb0_0"]
url = "https://conda.anaconda.org/conda-forge/linux-64/llvm-openmp-22.1.8-h4922eb0_0.conda"
checksum = "sha256:a37aba21b85800af1e7c5b04ba76abab96b6e591eedf99dc6e4df83b0fefd7a5"

[conda-packages.linux-x64."sysroot_linux-64-2.34-h087de78_3"]
url = "https://conda.anaconda.org/conda-forge/noarch/sysroot_linux-64-2.34-h087de78_3.conda"
checksum = "sha256:08c50c314b331730eeb8f87c39a45e5426a5463e078392ab283e2552d753443e"

[conda-packages.linux-x64.tzdata-2026c-h151e31d_0]
url = "https://conda.anaconda.org/conda-forge/noarch/tzdata-2026c-h151e31d_0.conda"
checksum = "sha256:b928c30ddcb0e3f544c6eade8352737e6e610e263276b90232db6a578ef899d8"

[conda-packages.linux-x64."zstd-1.5.7-hb78ec9c_6"]
url = "https://conda.anaconda.org/conda-forge/linux-64/zstd-1.5.7-hb78ec9c_6.conda"
checksum = "sha256:68f0206ca6e98fea941e5717cec780ed2873ffabc0e1ed34428c061e2c6268c7"

[[tools."aqua:jorgerojas26/lazysql"]]
version = "0.5.5"
backend = "aqua:jorgerojas26/lazysql"

[tools."aqua:jorgerojas26/lazysql"."platforms.linux-x64"]
checksum = "sha256:aef71f67af3e085ef75bda1385fddbd0b0b8cba9fd6ab4f3f72a8605b68c3535"
url = "https://github.com/jorgerojas26/lazysql/releases/download/v0.5.5/lazysql_Linux_x86_64.tar.gz"

[[tools."aqua:neovim/neovim"]]
version = "0.12.4"
backend = "aqua:neovim/neovim"

[tools."aqua:neovim/neovim"."platforms.linux-x64"]
checksum = "sha256:012bf3fcac5ade43914df3f174668bf64d05e049a4f032a388c027b1ebd78628"
url = "https://github.com/neovim/neovim/releases/download/v0.12.4/nvim-linux-x86_64.tar.gz"

[[tools.atuin]]
version = "18.17.0"
backend = "aqua:atuinsh/atuin"

[tools.atuin."platforms.linux-x64"]
checksum = "sha256:0ff7c20a6edaf00c9a20ab0bfa4db890a84a56630bb4adb8045be6a94e46e0fc"
url = "https://github.com/atuinsh/atuin/releases/download/v18.17.0/atuin-x86_64-unknown-linux-musl.tar.gz"
provenance = "github-attestations"

[[tools.clang]]
version = "22.1.8"
backend = "conda:clang"

[tools.clang.options]
channel = "conda-forge"

[tools.clang."platforms.linux-x64"]
checksum = "sha256:e7bb173247bf3c4a7cab03797607433ef2dfb47553b1471056b81491f7e8e50a"
url = "https://conda.anaconda.org/conda-forge/linux-64/clang-22.1.8-default_cfg_h361ecea_3.conda"
conda_deps = [
    "clang_impl_linux-64-22.1.8-default_h6d37801_3",
    "llvm-openmp-22.1.8-h4922eb0_0",
    "clang-22-22.1.8-default_h9692865_3",
    "libzlib-1.3.2-h25fd6f3_2",
    "libclang-cpp22.1-22.1.8-default_h6c227bf_3",
    "binutils-2.46.1-default_h4852527_102",
    "libgcc-devel_linux-64-15.2.0-hcc6f6b0_119",
    "sysroot_linux-64-2.34-h087de78_3",
    "kernel-headers_linux-64-5.14.0-he073ed8_3",
    "libstdcxx-15.2.0-h934c35e_19",
    "libgcc-15.2.0-he0feb66_19",
    "compiler-rt22-22.1.8-hb700be7_1",
    "compiler-rt-22.1.8-ha770c72_1",
    "libcompiler-rt-22.1.8-hb700be7_1",
    "libllvm22-22.1.8-hf7376ad_1",
    "compiler-rt_linux-64-22.1.8-ha770c72_1",
    "compiler-rt22_linux-64-22.1.8-hffcefe0_1",
    "binutils_impl_linux-64-2.46.1-default_hfdba357_102",
    "ld_impl_linux-64-2.46.1-default_hbd61a6d_102",
    "libxml2-2.15.3-h49c6c72_0",
    "libxml2-16-2.15.3-hca6bf5a_0",
    "liblzma-5.8.3-hb03c661_0",
    "zstd-1.5.7-hb78ec9c_6",
    "tzdata-2026c-h151e31d_0",
    "_openmp_mutex-4.5-20_gnu",
    "libgomp-15.2.0-he0feb66_19",
    "icu-78.3-h33c6efd_1",
    "libiconv-1.18-h3b78370_2",
]

[[tools."conda:tree-sitter-cli"]]
version = "0.26.11"
backend = "conda:tree-sitter-cli"

[tools."conda:tree-sitter-cli".options]
channel = "conda-forge"

[tools."conda:tree-sitter-cli"."platforms.linux-x64"]
checksum = "sha256:9ed63241b145de6386b5a8b9913d562d986df3a35a66eab8eee71871e0a273f0"
url = "https://conda.anaconda.org/conda-forge/linux-64/tree-sitter-cli-0.26.11-hc7555a6_0.conda"
conda_deps = [
    "libgcc-15.2.0-he0feb66_19",
    "_openmp_mutex-4.5-20_gnu",
    "libgomp-15.2.0-he0feb66_19",
]

[[tools.eza]]
version = "0.23.5"
backend = "aqua:eza-community/eza"

[tools.eza."platforms.linux-x64"]
checksum = "sha256:e06eebab74b73d6b7d51a796a353824b001bea82df077706382e100815d28904"
url = "https://github.com/eza-community/eza/releases/download/v0.23.5/eza_x86_64-unknown-linux-musl.tar.gz"

[[tools.fd]]
version = "10.4.2"
backend = "aqua:sharkdp/fd"

[tools.fd."platforms.linux-x64"]
checksum = "sha256:e3257d48e29a6be965187dbd24ce9af564e0fe67b3e73c9bdcd180f4ec11bdde"
url = "https://github.com/sharkdp/fd/releases/download/v10.4.2/fd-v10.4.2-x86_64-unknown-linux-musl.tar.gz"

[[tools.fzf]]
version = "0.74.0"
backend = "aqua:junegunn/fzf"

[tools.fzf."platforms.linux-x64"]
checksum = "sha256:cf919f05b7581b4c744d764eaa704665d61dd6d3ca785f0df2351281dff60cda"
url = "https://github.com/junegunn/fzf/releases/download/v0.74.0/fzf-0.74.0-linux_amd64.tar.gz"

[[tools.jq]]
version = "1.8.2"
backend = "aqua:jqlang/jq"

[tools.jq."platforms.linux-x64"]
checksum = "sha256:b1c22172dd303f3be49e935aa56aa48a8b7a46e0bc838b4997d3bb451495870f"
url = "https://github.com/jqlang/jq/releases/download/jq-1.8.2/jq-linux-amd64"
provenance = "github-attestations"

[[tools.k9s]]
version = "0.51.0"
backend = "aqua:derailed/k9s"

[tools.k9s."platforms.linux-x64"]
checksum = "sha256:c3752ad51a5a4015a113819c4eeb6e55a4d0e4b8e652494797532f6fc8161dd7"
url = "https://github.com/derailed/k9s/releases/download/v0.51.0/k9s_Linux_amd64.tar.gz"

[[tools.kubectl]]
version = "1.36.2"
backend = "aqua:kubernetes/kubernetes/kubectl"

[tools.kubectl."platforms.linux-x64"]
checksum = "sha256:1e9045ec32bea85da43de85f0065358529ea7c7a152eca78154fba5b58c27d82"
url = "https://dl.k8s.io/v1.36.2/bin/linux/amd64/kubectl"

[[tools.lazydocker]]
version = "0.25.2"
backend = "aqua:jesseduffield/lazydocker"

[tools.lazydocker."platforms.linux-x64"]
checksum = "sha256:0d9dbfc26068b218e7ed84b104748cadc6e3cf733c0afd35465306fb39b9523c"
url = "https://github.com/jesseduffield/lazydocker/releases/download/v0.25.2/lazydocker_0.25.2_Linux_x86_64.tar.gz"

[[tools.lazygit]]
version = "0.63.0"
backend = "aqua:jesseduffield/lazygit"

[tools.lazygit."platforms.linux-x64"]
checksum = "sha256:cf5cfa3e116d7775f3600a51ec1d9ce7ba554a08b9566c7c2da83cb0023efabf"
url = "https://github.com/jesseduffield/lazygit/releases/download/v0.63.0/lazygit_0.63.0_linux_x86_64.tar.gz"

[[tools.opencode]]
version = "1.17.18"
backend = "aqua:anomalyco/opencode"

[tools.opencode."platforms.linux-x64"]
checksum = "sha256:e149d32ee5667c0cd5fb84d0bf8393b312e93782eeb4d74d29bbb0392de7133c"
url = "https://github.com/anomalyco/opencode/releases/download/v1.17.18/opencode-linux-x64.tar.gz"

[[tools.ripgrep]]
version = "15.1.0"
backend = "aqua:BurntSushi/ripgrep"

[tools.ripgrep."platforms.linux-x64"]
checksum = "sha256:1c9297be4a084eea7ecaedf93eb03d058d6faae29bbc57ecdaf5063921491599"
url = "https://github.com/BurntSushi/ripgrep/releases/download/15.1.0/ripgrep-15.1.0-x86_64-unknown-linux-musl.tar.gz"

[[tools.tmux]]
version = "3.7b"
backend = "aqua:tmux/tmux-builds"

[tools.tmux."platforms.linux-x64"]
checksum = "sha256:f85e6c1c412750a774eb3f370f33bad05fc726fb8b6a0b174ad6f0b6d954df58"
url = "https://github.com/tmux/tmux-builds/releases/download/v3.7b/tmux-3.7b-linux-x86_64.tar.gz"

[[tools.yazi]]
version = "26.5.6"
backend = "aqua:sxyazi/yazi"

[tools.yazi."platforms.linux-x64"]
checksum = "sha256:1031a02560d053301537195a6661d227c15cb4ce5c30481050b31e2b88681bff"
url = "https://github.com/sxyazi/yazi/releases/download/v26.5.6/yazi-x86_64-unknown-linux-musl.zip"

[[tools.zoxide]]
version = "0.10.0"
backend = "aqua:ajeetdsouza/zoxide"

[tools.zoxide."platforms.linux-x64"]
checksum = "sha256:2d93385b99f3e82cf2701609a1bffcad863fbeb75aa3fe7eb6be4d29be68b1ae"
url = "https://github.com/ajeetdsouza/zoxide/releases/download/v0.10.0/zoxide-0.10.0-x86_64-unknown-linux-musl.tar.gz"
