# @generated - this file is auto-generated by `mise lock` https://mise.en.dev/dev-tools/mise-lock.html

[conda-packages.linux-x64."_openmp_mutex-4.5-20_gnu"]
url = "https://conda.anaconda.org/conda-forge/linux-64/_openmp_mutex-4.5-20_gnu.conda"
checksum = "sha256:1dd3fffd892081df9726d7eb7e0dea6198962ba775bd88842135a4ddb4deb3c9"

[conda-packages.linux-x64."binutils-2.46.1-default_h4852527_102"]
url = "https://conda.anaconda.org/conda-forge/linux-64/binutils-2.46.1-default_h4852527_102.conda"
checksum = "sha256:659c367ef49df7741749a2ad240b007d7df51b4f210505a78543deafb001e44c"

[conda-packages.linux-x64."binutils_impl_linux-64-2.46.1-default_hfdba357_102"]
url = "https://conda.anaconda.org/conda-forge/linux-64/binutils_impl_linux-64-2.46.1-default_hfdba357_102.conda"
checksum = "sha256:fb7bf36984a37ce7e4714d1d1da0bd0e3bfc679520f5cdc184afc676fd4b5da2"

[conda-packages.linux-x64."clang-22-22.1.8-default_h9692865_3"]
url = "https://conda.anaconda.org/conda-forge/linux-64/clang-22-22.1.8-default_h9692865_3.conda"
checksum = "sha256:09c8ad191c20d536b992b8281a6f21a65dd0e3f25413950e69d1adc50940581c"

[conda-packages.linux-x64."clang_impl_linux-64-22.1.8-default_h6d37801_3"]
url = "https://conda.anaconda.org/conda-forge/linux-64/clang_impl_linux-64-22.1.8-default_h6d37801_3.conda"
checksum = "sha256:eb1c68356c7366343fed23d897e54678da7d3b25836de8f280ae1cd0aa5aa8b5"

[conda-packages.linux-x64."compiler-rt-22.1.8-ha770c72_1"]
url = "https://conda.anaconda.org/conda-forge/linux-64/compiler-rt-22.1.8-ha770c72_1.conda"
checksum = "sha256:7ea97a24a9847f7ec91b959c405a9bc5b9c28d4078175dce2d2f8a2014f74969"

[conda-packages.linux-x64."compiler-rt22-22.1.8-hb700be7_1"]
url = "https://conda.anaconda.org/conda-forge/linux-64/compiler-rt22-22.1.8-hb700be7_1.conda"
checksum = "sha256:34c62d3aa085945afa94930621793bccc18c47ce9657a5ef9423f76cf8e9373e"

[conda-packages.linux-x64."compiler-rt22_linux-64-22.1.8-hffcefe0_1"]
url = "https://conda.anaconda.org/conda-forge/noarch/compiler-rt22_linux-64-22.1.8-hffcefe0_1.conda"
checksum = "sha256:c6cd0a10b9b161b0b075a8a78083b23a49d87f0e383d2c199ce11a586fc7d779"

[conda-packages.linux-x64."compiler-rt_linux-64-22.1.8-ha770c72_1"]
url = "https://conda.anaconda.org/conda-forge/noarch/compiler-rt_linux-64-22.1.8-ha770c72_1.conda"
checksum = "sha256:81bb0835e05ef4c60022aa594e16a870bbf39ed4d4180ef87191f56b795cd86c"

[conda-packages.linux-x64."icu-78.3-h33c6efd_1"]
url = "https://conda.anaconda.org/conda-forge/linux-64/icu-78.3-h33c6efd_1.conda"
checksum = "sha256:c054e32ac4c14426006edf9d01981dc564559b4065af7c13c26be904e1babf04"

[conda-packages.linux-x64."kernel-headers_linux-64-5.14.0-he073ed8_3"]
url = "https://conda.anaconda.org/conda-forge/noarch/kernel-headers_linux-64-5.14.0-he073ed8_3.conda"
checksum = "sha256:c4d973dd80ab10028b3e4c58c1c6d8f437bfeaf6069dafb1130dabc550e9caf4"

[conda-packages.linux-x64."ld_impl_linux-64-2.46.1-default_hbd61a6d_102"]
url = "https://conda.anaconda.org/conda-forge/linux-64/ld_impl_linux-64-2.46.1-default_hbd61a6d_102.conda"
checksum = "sha256:27d83f1188cd19bcb7754a078b3fa7f4cfb8527f8eb2fde54dd01fc529d1adec"

[conda-packages.linux-x64."libclang-cpp22.1-22.1.8-default_h6c227bf_3"]
url = "https://conda.anaconda.org/conda-forge/linux-64/libclang-cpp22.1-22.1.8-default_h6c227bf_3.conda"
checksum = "sha256:ccb8bd0a8f2d57675b6a60dabb0cc8becb35c2748ac4ec920d7f7625b93c16d8"

[conda-packages.linux-x64."libcompiler-rt-22.1.8-hb700be7_1"]
url = "https://conda.anaconda.org/conda-forge/linux-64/libcompiler-rt-22.1.8-hb700be7_1.conda"
checksum = "sha256:da7b61922007ff1cfe015ec5156084f2b12f68f554ea8d737689c1dc898f24c0"

[conda-packages.linux-x64."libgcc-15.2.0-he0feb66_19"]
url = "https://conda.anaconda.org/conda-forge/linux-64/libgcc-15.2.0-he0feb66_19.conda"
checksum = "sha256:8e0a3b5e41272e5678499b5dfc4cddb673f9e935de01eb0767ce857001229f46"

[conda-packages.linux-x64."libgcc-devel_linux-64-15.2.0-hcc6f6b0_119"]
url = "https://conda.anaconda.org/conda-forge/noarch/libgcc-devel_linux-64-15.2.0-hcc6f6b0_119.conda"
checksum = "sha256:38a557eba305468ac1f90ac85e50d8defd76141cb0b8a43b2fc1aca71dd5d5f2"

[conda-packages.linux-x64."libgomp-15.2.0-he0feb66_19"]
url = "https://conda.anaconda.org/conda-forge/linux-64/libgomp-15.2.0-he0feb66_19.conda"
checksum = "sha256:5abe4ab9d93f6c9757d654f1969ae2267d4505315c1f2f8fe705fd60af084f1b"

[conda-packages.linux-x64."libiconv-1.18-h3b78370_2"]
url = "https://conda.anaconda.org/conda-forge/linux-64/libiconv-1.18-h3b78370_2.conda"
checksum = "sha256:c467851a7312765447155e071752d7bf9bf44d610a5687e32706f480aad2833f"

[conda-packages.linux-x64."libllvm22-22.1.8-hf7376ad_1"]
url = "https://conda.anaconda.org/conda-forge/linux-64/libllvm22-22.1.8-hf7376ad_1.conda"
checksum = "sha256:e9b5f301d6b001a9b8ce782157f56b75c92c4fbc9eba95dc6345c1139251d13b"

[conda-packages.linux-x64."liblzma-5.8.3-hb03c661_0"]
url = "https://conda.anaconda.org/conda-forge/linux-64/liblzma-5.8.3-hb03c661_0.conda"
checksum = "sha256:ec30e52a3c1bf7d0425380a189d209a52baa03f22fb66dd3eb587acaa765bd6d"

[conda-packages.linux-x64."libstdcxx-15.2.0-h934c35e_19"]
url = "https://conda.anaconda.org/conda-forge/linux-64/libstdcxx-15.2.0-h934c35e_19.conda"
checksum = "sha256:dff1058c76ec6b8759e41cefa2508162d00e4a5e6721aa68ec3fd10094e702dc"

[conda-packages.linux-x64."libxml2-16-2.15.3-hca6bf5a_0"]
url = "https://conda.anaconda.org/conda-forge/linux-64/libxml2-16-2.15.3-hca6bf5a_0.conda"
checksum = "sha256:3d44f737c5ae52d5af32682cc1530df433f401f8e58a7533926536244127572a"

[conda-packages.linux-x64."libxml2-2.15.3-h49c6c72_0"]
url = "https://conda.anaconda.org/conda-forge/linux-64/libxml2-2.15.3-h49c6c72_0.conda"
checksum = "sha256:3bc5551720c58591f6ea1146f7d1539c734ed1c40e7b9f5cb8cb7e900c509aba"

[conda-packages.linux-x64."libzlib-1.3.2-h25fd6f3_2"]
url = "https://conda.anaconda.org/conda-forge/linux-64/libzlib-1.3.2-h25fd6f3_2.conda"
checksum = "sha256:55044c403570f0dc26e6364de4dc5368e5f3fc7ff103e867c487e2b5ab2bcda9"

[conda-packages.linux-x64."llvm-openmp-22.1.8-h4922eb0_0"]
url = "https://conda.anaconda.org/conda-forge/linux-64/llvm-openmp-22.1.8-h4922eb0_0.conda"
checksum = "sha256:a37aba21b85800af1e7c5b04ba76abab96b6e591eedf99dc6e4df83b0fefd7a5"

[conda-packages.linux-x64."sysroot_linux-64-2.34-h087de78_3"]
url = "https://conda.anaconda.org/conda-forge/noarch/sysroot_linux-64-2.34-h087de78_3.conda"
checksum = "sha256:08c50c314b331730eeb8f87c39a45e5426a5463e078392ab283e2552d753443e"

[conda-packages.linux-x64.tzdata-2026c-h151e31d_0]
url = "https://conda.anaconda.org/conda-forge/noarch/tzdata-2026c-h151e31d_0.conda"
checksum = "sha256:b928c30ddcb0e3f544c6eade8352737e6e610e263276b90232db6a578ef899d8"

[conda-packages.linux-x64."zstd-1.5.7-hb78ec9c_6"]
url = "https://conda.anaconda.org/conda-forge/linux-64/zstd-1.5.7-hb78ec9c_6.conda"
checksum = "sha256:68f0206ca6e98fea941e5717cec780ed2873ffabc0e1ed34428c061e2c6268c7"

[conda-packages.macos-arm64."ca-certificates-2026.6.17-hbd8a1cb_0"]
url = "https://conda.anaconda.org/conda-forge/noarch/ca-certificates-2026.6.17-hbd8a1cb_0.conda"
checksum = "sha256:f8e3c730fa14ee3f170493779f06522c4acf89169f43db4f039727709b6419cf"

[conda-packages.macos-arm64."cctools-1030.6.3-llvm22_1_hbe26303_4"]
url = "https://conda.anaconda.org/conda-forge/osx-arm64/cctools-1030.6.3-llvm22_1_hbe26303_4.conda"
checksum = "sha256:a8d8f9a6ae4c149d2174f8f52c61da079cc793b87e2f76441a43daf7f394631f"

[conda-packages.macos-arm64."cctools_impl_osx-arm64-1030.6.3-llvm22_1_hb5e89dc_4"]
url = "https://conda.anaconda.org/conda-forge/osx-arm64/cctools_impl_osx-arm64-1030.6.3-llvm22_1_hb5e89dc_4.conda"
checksum = "sha256:97075a1afeac8a7a4dca258ac10efb70638e3c734cbf5a6328ca1e0718e09c41"

[conda-packages.macos-arm64."clang-22-22.1.8-default_h3bfd001_3"]
url = "https://conda.anaconda.org/conda-forge/osx-arm64/clang-22-22.1.8-default_h3bfd001_3.conda"
checksum = "sha256:0089918b32daaa4c1ae0762309f5d5cad6549624a0d1d32de7405ebfc616914a"

[conda-packages.macos-arm64."clang_impl_osx-arm64-22.1.8-default_hd222103_3"]
url = "https://conda.anaconda.org/conda-forge/osx-arm64/clang_impl_osx-arm64-22.1.8-default_hd222103_3.conda"
checksum = "sha256:72dae57849bf56157dc371fbcb53a56496830e3d611703602973b96a4578a98b"

[conda-packages.macos-arm64."compiler-rt-22.1.8-hce30654_1"]
url = "https://conda.anaconda.org/conda-forge/osx-arm64/compiler-rt-22.1.8-hce30654_1.conda"
checksum = "sha256:eb0c8aee28824932e465960e313ce41486bb17b440d8195526733044006ee4ae"

[conda-packages.macos-arm64."compiler-rt22-22.1.8-hd34ed20_1"]
url = "https://conda.anaconda.org/conda-forge/osx-arm64/compiler-rt22-22.1.8-hd34ed20_1.conda"
checksum = "sha256:b7da9c52cbccfa8c2449a9e404225696f60bce30f5270fd6d7be1c5cfb5dc478"

[conda-packages.macos-arm64."compiler-rt22_osx-arm64-22.1.8-h7e67a1e_1"]
url = "https://conda.anaconda.org/conda-forge/noarch/compiler-rt22_osx-arm64-22.1.8-h7e67a1e_1.conda"
checksum = "sha256:0d3cb7b6386265b8a308b1a0a83a0e718e9d78b0e61f7d7a7bb80b47760e35da"

[conda-packages.macos-arm64."compiler-rt_osx-arm64-22.1.8-hce30654_1"]
url = "https://conda.anaconda.org/conda-forge/noarch/compiler-rt_osx-arm64-22.1.8-hce30654_1.conda"
checksum = "sha256:e8eccc163a8ca1fcd051826d566934d3785413b5a57d658902eb775026af3856"

[conda-packages.macos-arm64."ld64-956.6-llvm22_1_h5b97f1b_4"]
url = "https://conda.anaconda.org/conda-forge/osx-arm64/ld64-956.6-llvm22_1_h5b97f1b_4.conda"
checksum = "sha256:405f08540aedb58fa070b097143b3fe0fcb2b92e3b4aca723780e2f3d754803b"

[conda-packages.macos-arm64."ld64_osx-arm64-956.6-llvm22_1_h692d5aa_4"]
url = "https://conda.anaconda.org/conda-forge/osx-arm64/ld64_osx-arm64-956.6-llvm22_1_h692d5aa_4.conda"
checksum = "sha256:e4ae2ef85672c094aa3467d466f932ccdc1dda9bd4adac64f4252cc796149091"

[conda-packages.macos-arm64."libclang-cpp22.1-22.1.8-default_hdca5a3d_3"]
url = "https://conda.anaconda.org/conda-forge/osx-arm64/libclang-cpp22.1-22.1.8-default_hdca5a3d_3.conda"
checksum = "sha256:dcc960219fae62d99281e3767b6b3162b15aa53331ac0233c6d72ed99e5a1fbe"

[conda-packages.macos-arm64."libcompiler-rt-22.1.8-hd34ed20_1"]
url = "https://conda.anaconda.org/conda-forge/osx-arm64/libcompiler-rt-22.1.8-hd34ed20_1.conda"
checksum = "sha256:e19bef885123e78e93169f2814ff1c41650ee554b0e2b2b79f7398e09803df94"

[conda-packages.macos-arm64."libcxx-22.1.8-h55c6f16_0"]
url = "https://conda.anaconda.org/conda-forge/osx-arm64/libcxx-22.1.8-h55c6f16_0.conda"
checksum = "sha256:a2e7abab5add9750fab064c024394de48e49f97631c605ad5db5c8ac3fc769ef"

[conda-packages.macos-arm64."libiconv-1.18-h23cfdf5_2"]
url = "https://conda.anaconda.org/conda-forge/osx-arm64/libiconv-1.18-h23cfdf5_2.conda"
checksum = "sha256:de0336e800b2af9a40bdd694b03870ac4a848161b35c8a2325704f123f185f03"

[conda-packages.macos-arm64."libllvm22-22.1.8-h89af1be_1"]
url = "https://conda.anaconda.org/conda-forge/osx-arm64/libllvm22-22.1.8-h89af1be_1.conda"
checksum = "sha256:9c0ece5160e3d8749f43f8dd86777be4cfdb51490fb32f4d8269f8fd9866ce55"

[conda-packages.macos-arm64."liblzma-5.8.3-h8088a28_0"]
url = "https://conda.anaconda.org/conda-forge/osx-arm64/liblzma-5.8.3-h8088a28_0.conda"
checksum = "sha256:34878d87275c298f1a732c6806349125cebbf340d24c6c23727268184bba051e"

[conda-packages.macos-arm64."libsigtool-0.1.3-h98dc951_0"]
url = "https://conda.anaconda.org/conda-forge/osx-arm64/libsigtool-0.1.3-h98dc951_0.conda"
checksum = "sha256:421f7bd7caaa945d9cd5d374cc3f01e75637ca7372a32d5e7695c825a48a30d1"

[conda-packages.macos-arm64."libxml2-16-2.15.3-h6967ea9_0"]
url = "https://conda.anaconda.org/conda-forge/osx-arm64/libxml2-16-2.15.3-h6967ea9_0.conda"
checksum = "sha256:43895a7517c055b8893531290f9dc48bd751eb04be04f14bbce3b6c71b052be6"

[conda-packages.macos-arm64."libxml2-2.15.3-heed7d32_0"]
url = "https://conda.anaconda.org/conda-forge/osx-arm64/libxml2-2.15.3-heed7d32_0.conda"
checksum = "sha256:4d9c117b2dd222cf891710d5f6a570ebb275479979843a1477ac54ed50907b40"

[conda-packages.macos-arm64."libzlib-1.3.2-h8088a28_2"]
url = "https://conda.anaconda.org/conda-forge/osx-arm64/libzlib-1.3.2-h8088a28_2.conda"
checksum = "sha256:361415a698514b19a852f5d1123c5da746d4642139904156ddfca7c922d23a05"

[conda-packages.macos-arm64."llvm-openmp-22.1.8-hc7d1edf_0"]
url = "https://conda.anaconda.org/conda-forge/osx-arm64/llvm-openmp-22.1.8-hc7d1edf_0.conda"
checksum = "sha256:ccbaad6bbc88f135ab849bc36af5fa6eda36a9ed18ce6f58e3dde3d11784c156"

[conda-packages.macos-arm64."llvm-tools-22-22.1.8-hb545844_1"]
url = "https://conda.anaconda.org/conda-forge/osx-arm64/llvm-tools-22-22.1.8-hb545844_1.conda"
checksum = "sha256:a5ac8bd2fd67c6e71c991e3172c0ec8430de4ec91506e93c0f1afb56a88ed8e6"

[conda-packages.macos-arm64."llvm-tools-22.1.8-hd34ed20_1"]
url = "https://conda.anaconda.org/conda-forge/osx-arm64/llvm-tools-22.1.8-hd34ed20_1.conda"
checksum = "sha256:f5933c1fee348ece7129a5e07af2c8051984ed3a3d2d5f95e4c5144e23f29f55"

[conda-packages.macos-arm64."ncurses-6.6-h1d4f5a5_0"]
url = "https://conda.anaconda.org/conda-forge/osx-arm64/ncurses-6.6-h1d4f5a5_0.conda"
checksum = "sha256:4ea6c620b87bd1d42bb2ccc2c87cd2483fa2d7f9e905b14c223f11ff3f4c455d"

[conda-packages.macos-arm64."openssl-3.6.3-hd24854e_0"]
url = "https://conda.anaconda.org/conda-forge/osx-arm64/openssl-3.6.3-hd24854e_0.conda"
checksum = "sha256:b3e3ca895c336d4eb91c5d2f244a312bdb59a0de8cfa0cc4c179225ab2f6bbfb"

[conda-packages.macos-arm64."sigtool-codesign-0.1.3-h98dc951_0"]
url = "https://conda.anaconda.org/conda-forge/osx-arm64/sigtool-codesign-0.1.3-h98dc951_0.conda"
checksum = "sha256:f3d006e2441f110160a684744d90921bbedbffa247d7599d7e76b5cd048116dc"

[conda-packages.macos-arm64."tapi-1600.0.11.8-h997e182_2"]
url = "https://conda.anaconda.org/conda-forge/osx-arm64/tapi-1600.0.11.8-h997e182_2.conda"
checksum = "sha256:de6893e53664e769c1b1c4103a666d436e3d307c0eb6a09a164e749d116e80f7"

[conda-packages.macos-arm64."zstd-1.5.7-hbf9d68e_6"]
url = "https://conda.anaconda.org/conda-forge/osx-arm64/zstd-1.5.7-hbf9d68e_6.conda"
checksum = "sha256:9485ba49e8f47d2b597dd399e88f4802e100851b27c21d7525625b0b4025a5d9"

[[tools."aqua:jorgerojas26/lazysql"]]
version = "0.5.5"
backend = "aqua:jorgerojas26/lazysql"

[tools."aqua:jorgerojas26/lazysql"."platforms.linux-x64"]
checksum = "sha256:aef71f67af3e085ef75bda1385fddbd0b0b8cba9fd6ab4f3f72a8605b68c3535"
url = "https://github.com/jorgerojas26/lazysql/releases/download/v0.5.5/lazysql_Linux_x86_64.tar.gz"

[tools."aqua:jorgerojas26/lazysql"."platforms.macos-arm64"]
checksum = "sha256:73bc35b72ecba85d3ea595a044db29600bb9313186c0bfaff5743474f8ea3416"
url = "https://github.com/jorgerojas26/lazysql/releases/download/v0.5.5/lazysql_Darwin_arm64.tar.gz"

[[tools."aqua:joshmedeski/sesh"]]
version = "2.28.0"
backend = "aqua:joshmedeski/sesh"

[tools."aqua:joshmedeski/sesh"."platforms.linux-x64"]
checksum = "sha256:ac4a0b07f0be4cbb13691a197055ac82e00341e77b915d878df8ad2bcc867fda"
url = "https://github.com/joshmedeski/sesh/releases/download/v2.28.0/sesh_Linux_x86_64.tar.gz"
url_api = "https://api.github.com/repos/joshmedeski/sesh/releases/assets/490857157"

[tools."aqua:joshmedeski/sesh"."platforms.macos-arm64"]
checksum = "sha256:112f0171ff7379c3f1f4317561f796fc6fd77af04320ed952711a38f96f7d30c"
url = "https://github.com/joshmedeski/sesh/releases/download/v2.28.0/sesh_Darwin_arm64.tar.gz"
url_api = "https://api.github.com/repos/joshmedeski/sesh/releases/assets/490857156"

[[tools.atuin]]
version = "18.18.1"
backend = "aqua:atuinsh/atuin"

[tools.atuin."platforms.linux-x64"]
checksum = "sha256:732bcb4cbb57fa3bb7c9eaf1d866eabd673ba5f5978dc87fc6697369c5e8b33b"
url = "https://github.com/atuinsh/atuin/releases/download/v18.18.1/atuin-x86_64-unknown-linux-musl.tar.gz"
url_api = "https://api.github.com/repos/atuinsh/atuin/releases/assets/492109525"
provenance = "github-attestations"

[tools.atuin."platforms.macos-arm64"]
checksum = "sha256:2c2bd7a4fb5a093cb222c5befb199bd09700f9b13b830c80a05dd5b2e7950457"
url = "https://github.com/atuinsh/atuin/releases/download/v18.18.1/atuin-aarch64-apple-darwin.tar.gz"
url_api = "https://api.github.com/repos/atuinsh/atuin/releases/assets/492109389"
provenance = "github-attestations"

[[tools.aws-sam-cli]]
version = "1.165.0"
backend = "aqua:aws/aws-sam-cli"

[tools.aws-sam-cli."platforms.linux-x64"]
checksum = "sha256:e95678af994e5c1f12b59314de7bdee644be7246df1e85c4a4f2b48448d8569f"
url = "https://github.com/aws/aws-sam-cli/releases/download/v1.165.0/aws-sam-cli-linux-x86_64.zip"

[tools.aws-sam-cli."platforms.macos-arm64"]
checksum = "sha256:53237e23d0b30174ca614952187003b7c7ad3ff4ffa923ca3faed535b6f678c5"
url = "https://github.com/aws/aws-sam-cli/releases/download/v1.165.0/aws-sam-cli-macos-arm64.pkg"

[[tools.awscli]]
version = "2.36.21"
backend = "aqua:aws/aws-cli"

[tools.awscli."platforms.linux-x64"]
checksum = "blake3:c435adedd119d6938444f3a22a303dcdf7e712801489c299006f9ddf2592a8a1"
url = "https://awscli.amazonaws.com/awscli-exe-linux-x86_64-2.36.21.zip"

[tools.awscli."platforms.macos-arm64"]
checksum = "blake3:ed55562edb97949b36236af4c78dc785045c16eca8272808ee0fc756b591578b"
url = "https://awscli.amazonaws.com/AWSCLIV2-2.36.21.pkg"

[[tools.bat]]
version = "0.26.1"
backend = "aqua:sharkdp/bat"

[tools.bat."platforms.linux-x64"]
checksum = "sha256:0dcd8ac79732c0d5b136f11f4ee00e581440e16a44eab5b3105b611bbf2cf191"
url = "https://github.com/sharkdp/bat/releases/download/v0.26.1/bat-v0.26.1-x86_64-unknown-linux-musl.tar.gz"
url_api = "https://api.github.com/repos/sharkdp/bat/releases/assets/323549429"

[tools.bat."platforms.macos-arm64"]
checksum = "sha256:e30beff26779c9bf60bb541e1d79046250cb74378f2757f8eb250afddb19e114"
url = "https://github.com/sharkdp/bat/releases/download/v0.26.1/bat-v0.26.1-aarch64-apple-darwin.tar.gz"
url_api = "https://api.github.com/repos/sharkdp/bat/releases/assets/323548442"

[[tools.carapace]]
version = "1.7.3"
backend = "aqua:carapace-sh/carapace-bin"

[tools.carapace."platforms.linux-x64"]
checksum = "sha256:35ab52bfe7bdd8296d90c3687660bde80497599badde840ab615d2f421f5f053"
url = "https://github.com/carapace-sh/carapace-bin/releases/download/v1.7.3/carapace-bin_1.7.3_linux_amd64.tar.gz"
url_api = "https://api.github.com/repos/carapace-sh/carapace-bin/releases/assets/462542251"

[tools.carapace."platforms.macos-arm64"]
checksum = "sha256:a7e79d8787ffc63c26568e8d8256d12df91f5cda0d9dc83d50e90b8567028a9d"
url = "https://github.com/carapace-sh/carapace-bin/releases/download/v1.7.3/carapace-bin_1.7.3_darwin_arm64.tar.gz"
url_api = "https://api.github.com/repos/carapace-sh/carapace-bin/releases/assets/462542252"

[[tools.clang]]
version = "22.1.8"
backend = "conda:clang"

[tools.clang.options]
channel = "conda-forge"

[tools.clang."platforms.linux-x64"]
checksum = "sha256:e7bb173247bf3c4a7cab03797607433ef2dfb47553b1471056b81491f7e8e50a"
url = "https://conda.anaconda.org/conda-forge/linux-64/clang-22.1.8-default_cfg_h361ecea_3.conda"
conda_deps = [
    "clang_impl_linux-64-22.1.8-default_h6d37801_3",
    "llvm-openmp-22.1.8-h4922eb0_0",
    "clang-22-22.1.8-default_h9692865_3",
    "libzlib-1.3.2-h25fd6f3_2",
    "libclang-cpp22.1-22.1.8-default_h6c227bf_3",
    "binutils-2.46.1-default_h4852527_102",
    "libgcc-devel_linux-64-15.2.0-hcc6f6b0_119",
    "sysroot_linux-64-2.34-h087de78_3",
    "kernel-headers_linux-64-5.14.0-he073ed8_3",
    "libstdcxx-15.2.0-h934c35e_19",
    "libgcc-15.2.0-he0feb66_19",
    "compiler-rt22-22.1.8-hb700be7_1",
    "compiler-rt-22.1.8-ha770c72_1",
    "libcompiler-rt-22.1.8-hb700be7_1",
    "libllvm22-22.1.8-hf7376ad_1",
    "compiler-rt_linux-64-22.1.8-ha770c72_1",
    "compiler-rt22_linux-64-22.1.8-hffcefe0_1",
    "binutils_impl_linux-64-2.46.1-default_hfdba357_102",
    "ld_impl_linux-64-2.46.1-default_hbd61a6d_102",
    "libxml2-2.15.3-h49c6c72_0",
    "libxml2-16-2.15.3-hca6bf5a_0",
    "liblzma-5.8.3-hb03c661_0",
    "zstd-1.5.7-hb78ec9c_6",
    "tzdata-2026c-h151e31d_0",
    "_openmp_mutex-4.5-20_gnu",
    "libgomp-15.2.0-he0feb66_19",
    "icu-78.3-h33c6efd_1",
    "libiconv-1.18-h3b78370_2",
]

[tools.clang."platforms.macos-arm64"]
checksum = "sha256:ecdc85b0cff23f9b707b08983b30e7b63c81e474ffff41baae9fb519a021847a"
url = "https://conda.anaconda.org/conda-forge/osx-arm64/clang-22.1.8-default_cfg_h4d70ba2_3.conda"
conda_deps = [
    "ld64_osx-arm64-956.6-llvm22_1_h692d5aa_4",
    "clang_impl_osx-arm64-22.1.8-default_hd222103_3",
    "llvm-openmp-22.1.8-hc7d1edf_0",
    "clang-22-22.1.8-default_h3bfd001_3",
    "sigtool-codesign-0.1.3-h98dc951_0",
    "libzlib-1.3.2-h8088a28_2",
    "libcxx-22.1.8-h55c6f16_0",
    "libclang-cpp22.1-22.1.8-default_hdca5a3d_3",
    "libsigtool-0.1.3-h98dc951_0",
    "cctools_impl_osx-arm64-1030.6.3-llvm22_1_hb5e89dc_4",
    "ld64-956.6-llvm22_1_h5b97f1b_4",
    "cctools-1030.6.3-llvm22_1_hbe26303_4",
    "llvm-tools-22.1.8-hd34ed20_1",
    "llvm-tools-22-22.1.8-hb545844_1",
    "libllvm22-22.1.8-h89af1be_1",
    "compiler-rt22-22.1.8-hd34ed20_1",
    "compiler-rt-22.1.8-hce30654_1",
    "libcompiler-rt-22.1.8-hd34ed20_1",
    "compiler-rt_osx-arm64-22.1.8-hce30654_1",
    "compiler-rt22_osx-arm64-22.1.8-h7e67a1e_1",
    "libxml2-2.15.3-heed7d32_0",
    "libxml2-16-2.15.3-h6967ea9_0",
    "liblzma-5.8.3-h8088a28_0",
    "zstd-1.5.7-hbf9d68e_6",
    "tapi-1600.0.11.8-h997e182_2",
    "libiconv-1.18-h23cfdf5_2",
    "openssl-3.6.3-hd24854e_0",
    "ncurses-6.6-h1d4f5a5_0",
    "ca-certificates-2026.6.17-hbd8a1cb_0",
]

[[tools."conda:tree-sitter-cli"]]
version = "0.26.11"
backend = "conda:tree-sitter-cli"

[tools."conda:tree-sitter-cli".options]
channel = "conda-forge"

[tools."conda:tree-sitter-cli"."platforms.linux-x64"]
checksum = "sha256:9ed63241b145de6386b5a8b9913d562d986df3a35a66eab8eee71871e0a273f0"
url = "https://conda.anaconda.org/conda-forge/linux-64/tree-sitter-cli-0.26.11-hc7555a6_0.conda"
conda_deps = [
    "libgcc-15.2.0-he0feb66_19",
    "_openmp_mutex-4.5-20_gnu",
    "libgomp-15.2.0-he0feb66_19",
]

[tools."conda:tree-sitter-cli"."platforms.macos-arm64"]
checksum = "sha256:0b9984f6d11b882689fcb1c34bd1e9d3b7c2ab2106e5c8d23ec964dad0205c80"
url = "https://conda.anaconda.org/conda-forge/osx-arm64/tree-sitter-cli-0.26.11-haee3d69_0.conda"
conda_deps = []

[[tools.devcontainer-cli]]
version = "0.88.0"
backend = "npm:@devcontainers/cli"

[[tools.eza]]
version = "0.23.5"
backend = "aqua:eza-community/eza"

[tools.eza."platforms.linux-x64"]
checksum = "sha256:e06eebab74b73d6b7d51a796a353824b001bea82df077706382e100815d28904"
url = "https://github.com/eza-community/eza/releases/download/v0.23.5/eza_x86_64-unknown-linux-musl.tar.gz"
url_api = "https://api.github.com/repos/eza-community/eza/releases/assets/471228890"

[[tools.fd]]
version = "10.4.2"
backend = "aqua:sharkdp/fd"

[tools.fd."platforms.linux-x64"]
checksum = "sha256:e3257d48e29a6be965187dbd24ce9af564e0fe67b3e73c9bdcd180f4ec11bdde"
url = "https://github.com/sharkdp/fd/releases/download/v10.4.2/fd-v10.4.2-x86_64-unknown-linux-musl.tar.gz"
url_api = "https://api.github.com/repos/sharkdp/fd/releases/assets/370662855"

[tools.fd."platforms.macos-arm64"]
checksum = "sha256:623dc0afc81b92e4d4606b380d7bc91916ba7b97814263e554d50923a39e480a"
url = "https://github.com/sharkdp/fd/releases/download/v10.4.2/fd-v10.4.2-aarch64-apple-darwin.tar.gz"
url_api = "https://api.github.com/repos/sharkdp/fd/releases/assets/370661116"

[[tools.fzf]]
version = "0.74.2"
backend = "aqua:junegunn/fzf"

[tools.fzf."platforms.linux-x64"]
checksum = "sha256:b3648f48675612b69ee35371cf6dc99ca96d767e89b912d079080916ac8ba8bd"
url = "https://github.com/junegunn/fzf/releases/download/v0.74.2/fzf-0.74.2-linux_amd64.tar.gz"

[tools.fzf."platforms.macos-arm64"]
checksum = "sha256:d60ddb36356566ac69bae7c3504e888916cf747c9ad2132141c09229b1e28dee"
url = "https://github.com/junegunn/fzf/releases/download/v0.74.2/fzf-0.74.2-darwin_arm64.tar.gz"

[[tools.glow]]
version = "2.1.2"
backend = "aqua:charmbracelet/glow"

[tools.glow."platforms.linux-x64"]
checksum = "sha256:6063d4f2af8a82a5f4bba0831e165de9381660aa8b41df4816d0106a265b07d5"
url = "https://github.com/charmbracelet/glow/releases/download/v2.1.2/glow_2.1.2_Linux_x86_64.tar.gz"
url_api = "https://api.github.com/repos/charmbracelet/glow/releases/assets/392672271"
provenance = "cosign"

[tools.glow."platforms.macos-arm64"]
checksum = "sha256:6f7abfb47de69fbf7b0e67d2fa019cc554916e8b6694f9877212be89fc7ebb8c"
url = "https://github.com/charmbracelet/glow/releases/download/v2.1.2/glow_2.1.2_Darwin_arm64.tar.gz"
url_api = "https://api.github.com/repos/charmbracelet/glow/releases/assets/392672279"
provenance = "cosign"

[[tools.go]]
version = "1.26.5"
backend = "core:go"

[tools.go."platforms.linux-x64"]
checksum = "sha256:5c2c3b16caefa1d968a94c1daca04a7ca301a496d9b086e17ad77bb81393f053"
url = "https://dl.google.com/go/go1.26.5.linux-amd64.tar.gz"

[tools.go."platforms.macos-arm64"]
checksum = "sha256:efb87ff28af9a188d0536ef5d42e63dd52ba8263cd7344a993cc48dd11dedb6a"
url = "https://dl.google.com/go/go1.26.5.darwin-arm64.tar.gz"

[[tools.helm]]
version = "4.2.3"
backend = "aqua:helm/helm"

[tools.helm."platforms.linux-x64"]
checksum = "sha256:e9b88b4ee95b18c706839c28d3a0220e5bc470e9cd9262410c90793c45ff8b7c"
url = "https://get.helm.sh/helm-v4.2.3-linux-amd64.tar.gz"

[tools.helm."platforms.macos-arm64"]
checksum = "sha256:048ecf5ad3160f83d918f9fe945238d2132b079640f7b106175331c25f242c64"
url = "https://get.helm.sh/helm-v4.2.3-darwin-arm64.tar.gz"

[[tools."http:tpm"]]
version = "master"
backend = "http:tpm"

[tools."http:tpm".options]
strip_components = "1"

[tools."http:tpm"."platforms.linux-x64"]
checksum = "blake3:0658d7d370909cd4b308dae6250858bfc4b2de7fe092f93dac980548f9edf51e"
url = "https://github.com/tmux-plugins/tpm/archive/refs/heads/master.tar.gz"

[tools."http:tpm"."platforms.macos-arm64"]
checksum = "blake3:0658d7d370909cd4b308dae6250858bfc4b2de7fe092f93dac980548f9edf51e"
url = "https://github.com/tmux-plugins/tpm/archive/refs/heads/master.tar.gz"

[[tools.java]]
version = "26.0.2"
backend = "core:java"

[tools.java.options]
shorthand_vendor = "openjdk"

[tools.java."platforms.linux-x64"]
checksum = "sha256:2da09e9db53e5c4f9eeec045f49e7d8fbcd8e4153edbf0c269f520ff82fd4198"
url = "https://download.java.net/java/GA/jdk26.0.2/818d462d89b645c7a1aad49066c454e5/10/GPL/openjdk-26.0.2_linux-x64_bin.tar.gz"

[tools.java."platforms.macos-arm64"]
checksum = "sha256:c99b35ad3063ef555361a243c44280b048e24e3cbbc4a59ee3b368e5a8958f3a"
url = "https://download.java.net/java/GA/jdk26.0.2/818d462d89b645c7a1aad49066c454e5/10/GPL/openjdk-26.0.2_macos-aarch64_bin.tar.gz"

[[tools.jq]]
version = "1.8.2"
backend = "aqua:jqlang/jq"

[tools.jq."platforms.linux-x64"]
checksum = "sha256:b1c22172dd303f3be49e935aa56aa48a8b7a46e0bc838b4997d3bb451495870f"
url = "https://github.com/jqlang/jq/releases/download/jq-1.8.2/jq-linux-amd64"
url_api = "https://api.github.com/repos/jqlang/jq/releases/assets/453012752"
provenance = "github-attestations"

[tools.jq."platforms.macos-arm64"]
checksum = "sha256:2d75340ba57a4b4b4c8708a21c2dc8e958a48aaa8bba13b27f77f6e4c0eca07e"
url = "https://github.com/jqlang/jq/releases/download/jq-1.8.2/jq-macos-arm64"
url_api = "https://api.github.com/repos/jqlang/jq/releases/assets/453012783"
provenance = "github-attestations"

[[tools.k9s]]
version = "0.51.0"
backend = "aqua:derailed/k9s"

[tools.k9s."platforms.linux-x64"]
checksum = "sha256:c3752ad51a5a4015a113819c4eeb6e55a4d0e4b8e652494797532f6fc8161dd7"
url = "https://github.com/derailed/k9s/releases/download/v0.51.0/k9s_Linux_amd64.tar.gz"

[tools.k9s."platforms.macos-arm64"]
checksum = "sha256:9b8c0e8f461e5d33aeee43a67f5ef4aff646a008a786887b8266cbb153c610cc"
url = "https://github.com/derailed/k9s/releases/download/v0.51.0/k9s_Darwin_arm64.tar.gz"
url_api = "https://api.github.com/repos/derailed/k9s/releases/assets/440224326"

[[tools.kubectl]]
version = "1.36.3"
backend = "aqua:kubernetes/kubernetes/kubectl"

[tools.kubectl."platforms.linux-x64"]
checksum = "sha256:ebbd080e7c2e275093b55915722043257eb24004363e20acb3c4d71919f88336"
url = "https://dl.k8s.io/v1.36.3/bin/linux/amd64/kubectl"

[tools.kubectl."platforms.macos-arm64"]
checksum = "sha256:fc8582acde13869a606730a79379d6515f30c68afcced0b5ac8789d5d002b7d6"
url = "https://dl.k8s.io/v1.36.3/bin/darwin/arm64/kubectl"

[[tools.lazydocker]]
version = "0.25.2"
backend = "aqua:jesseduffield/lazydocker"

[tools.lazydocker."platforms.linux-x64"]
checksum = "sha256:0d9dbfc26068b218e7ed84b104748cadc6e3cf733c0afd35465306fb39b9523c"
url = "https://github.com/jesseduffield/lazydocker/releases/download/v0.25.2/lazydocker_0.25.2_Linux_x86_64.tar.gz"

[tools.lazydocker."platforms.macos-arm64"]
checksum = "sha256:4a54d7b4abdf255b2bce9806641eac5568d5b7fbc820c1b5d3f9e34ea1367d60"
url = "https://github.com/jesseduffield/lazydocker/releases/download/v0.25.2/lazydocker_0.25.2_Darwin_arm64.tar.gz"
url_api = "https://api.github.com/repos/jesseduffield/lazydocker/releases/assets/399711580"

[[tools.lazygit]]
version = "0.63.1"
backend = "aqua:jesseduffield/lazygit"

[tools.lazygit."platforms.linux-x64"]
checksum = "sha256:8e033bc78c8e192dee9510e951f6c9e154289b7198d22c924ed1d0a951b0dac1"
url = "https://github.com/jesseduffield/lazygit/releases/download/v0.63.1/lazygit_0.63.1_linux_x86_64.tar.gz"
url_api = "https://api.github.com/repos/jesseduffield/lazygit/releases/assets/477867706"

[tools.lazygit."platforms.macos-arm64"]
checksum = "sha256:b963e9d0a1f4649708c594ac6c999cdcd435f8e679e220e78e87c4642badedd6"
url = "https://github.com/jesseduffield/lazygit/releases/download/v0.63.1/lazygit_0.63.1_darwin_arm64.tar.gz"
url_api = "https://api.github.com/repos/jesseduffield/lazygit/releases/assets/477867701"

[[tools.lua]]
version = "5.5.0"
backend = "vfox:mise-plugins/vfox-lua"

[tools.lua."platforms.linux-x64"]
url = "https://www.lua.org/ftp/lua-5.5.0.tar.gz"

[tools.lua."platforms.macos-arm64"]
url = "https://www.lua.org/ftp/lua-5.5.0.tar.gz"

[[tools.neovim]]
version = "0.12.4"
backend = "vfox:mise-plugins/vfox-neovim"

[tools.neovim."platforms.linux-x64"]
url = "https://github.com/neovim/neovim/releases/download/v0.12.4/nvim-linux-x86_64.tar.gz"

[tools.neovim."platforms.macos-arm64"]
url = "https://github.com/neovim/neovim/releases/download/v0.12.4/nvim-macos-arm64.tar.gz"

[[tools.node]]
version = "26.7.0"
backend = "core:node"

[tools.node."platforms.linux-x64"]
checksum = "sha256:bd6b6c31e377bad9ad579bed72e5bc11f4c879ac9452ad51d30e646ea3d828df"
url = "https://nodejs.org/dist/v26.7.0/node-v26.7.0-linux-x64.tar.gz"

[tools.node."platforms.macos-arm64"]
checksum = "sha256:7ee659a7768e641bbfd5360940660b8e8fd0052f77488f365562bac522fc15d4"
url = "https://nodejs.org/dist/v26.7.0/node-v26.7.0-darwin-arm64.tar.gz"

[[tools.npm]]
version = "12.0.2"
backend = "aqua:npm/cli"

[tools.npm."platforms.linux-x64"]
checksum = "blake3:51efd656e0cba1ef84a25625482fc9c4621ca423f9580565acd200e8f4542416"
url = "https://registry.npmjs.org/npm/-/npm-12.0.2.tgz"

[tools.npm."platforms.macos-arm64"]
checksum = "blake3:51efd656e0cba1ef84a25625482fc9c4621ca423f9580565acd200e8f4542416"
url = "https://registry.npmjs.org/npm/-/npm-12.0.2.tgz"

[[tools.opencode]]
version = "1.18.11"
backend = "aqua:anomalyco/opencode"

[tools.opencode."platforms.linux-x64"]
checksum = "sha256:a4dffcc00a5a93256c6bd06aa0c984320528f564db52a1f4becd5c7de9fb59a1"
url = "https://github.com/anomalyco/opencode/releases/download/v1.18.11/opencode-linux-x64.tar.gz"

[tools.opencode."platforms.macos-arm64"]
checksum = "sha256:188ff6a716bcd40e33ac62f17f4aec9bd760164fa6a2cde66f779a5db4abc7ce"
url = "https://github.com/anomalyco/opencode/releases/download/v1.18.11/opencode-darwin-arm64.zip"

[[tools.pi]]
version = "0.84.1"
backend = "aqua:earendil-works/pi"

[tools.pi."platforms.linux-x64"]
checksum = "sha256:5634d7ebd18274b63af3371e942f342d74bea012389575c1d1ff15ce6ca80c2f"
url = "https://github.com/earendil-works/pi/releases/download/v0.84.1/pi-linux-x64.tar.gz"
url_api = "https://api.github.com/repos/earendil-works/pi/releases/assets/504727598"

[tools.pi."platforms.macos-arm64"]
checksum = "sha256:683c84261f40b870b4a7ccf181a48ad6ecd71853b0112d1bb617539530c6121d"
url = "https://github.com/earendil-works/pi/releases/download/v0.84.1/pi-darwin-arm64.tar.gz"
url_api = "https://api.github.com/repos/earendil-works/pi/releases/assets/504727600"

[[tools.pnpm]]
version = "11.21.0"
backend = "aqua:pnpm/pnpm"

[tools.pnpm."platforms.linux-x64"]
checksum = "sha256:aadc489ce4473c2af0fec06a5c19e113b5793d404eac49853c8153bf4b0d8263"
url = "https://github.com/pnpm/pnpm/releases/download/v11.21.0/pnpm-linux-x64.tar.gz"
url_api = "https://api.github.com/repos/pnpm/pnpm/releases/assets/507585503"
provenance = "github-attestations"

[tools.pnpm."platforms.macos-arm64"]
checksum = "sha256:860a96978a79ca5132bdc247375f94150a3c98edbecbee36e9f8e0c9e2f7f056"
url = "https://github.com/pnpm/pnpm/releases/download/v11.21.0/pnpm-darwin-arm64.tar.gz"
url_api = "https://api.github.com/repos/pnpm/pnpm/releases/assets/507585526"
provenance = "github-attestations"

[[tools.python]]
version = "3.14.7"
backend = "core:python"

[tools.python."platforms.linux-x64"]
checksum = "blake3:107edde511a2fa01fd940a7f64f14eed1f712326a178d0dc13e1c239cea97dae"
url = "https://github.com/astral-sh/python-build-standalone/releases/download/20260807/cpython-3.14.7+20260807-x86_64-unknown-linux-gnu-install_only_stripped.tar.gz"
provenance = "github-attestations"

[tools.python."platforms.macos-arm64"]
checksum = "sha256:532645be202d3df8510ab318ca5faed92060a694c8327144e14fa81f31af0f6d"
url = "https://github.com/astral-sh/python-build-standalone/releases/download/20260807/cpython-3.14.7+20260807-aarch64-apple-darwin-install_only_stripped.tar.gz"
provenance = "github-attestations"

[[tools.ripgrep]]
version = "15.2.0"
backend = "aqua:BurntSushi/ripgrep"

[tools.ripgrep."platforms.linux-x64"]
checksum = "sha256:33e15bcf1624b25cdd2a55813a47a2f95dbe126268203e76aa6a585d1e7b149c"
url = "https://github.com/BurntSushi/ripgrep/releases/download/15.2.0/ripgrep-15.2.0-x86_64-unknown-linux-musl.tar.gz"
url_api = "https://api.github.com/repos/BurntSushi/ripgrep/releases/assets/478120097"

[tools.ripgrep."platforms.macos-arm64"]
checksum = "sha256:3750b2e93f37e0c692657da574d7019a101c0084da05a790c83fd335bad973e4"
url = "https://github.com/BurntSushi/ripgrep/releases/download/15.2.0/ripgrep-15.2.0-aarch64-apple-darwin.tar.gz"
url_api = "https://api.github.com/repos/BurntSushi/ripgrep/releases/assets/478118851"

[[tools.rust]]
version = "1.97.1"
backend = "core:rust"

[[tools.terraform]]
version = "1.15.8"
backend = "aqua:hashicorp/terraform"

[tools.terraform."platforms.linux-x64"]
checksum = "sha256:d25ce7b6902013ad905db3d2eab0be4cd905887fe88b81a6171b8d5503c31f3d"
url = "https://releases.hashicorp.com/terraform/1.15.8/terraform_1.15.8_linux_amd64.zip"

[tools.terraform."platforms.macos-arm64"]
checksum = "sha256:f210110c5698b94d803a7a63cdb0251b5455c150841478808e2bbb343f95ed68"
url = "https://releases.hashicorp.com/terraform/1.15.8/terraform_1.15.8_darwin_arm64.zip"

[[tools.tmux]]
version = "3.7b"
backend = "aqua:tmux/tmux-builds"

[tools.tmux."platforms.linux-x64"]
checksum = "sha256:f85e6c1c412750a774eb3f370f33bad05fc726fb8b6a0b174ad6f0b6d954df58"
url = "https://github.com/tmux/tmux-builds/releases/download/v3.7b/tmux-3.7b-linux-x86_64.tar.gz"
url_api = "https://api.github.com/repos/tmux/tmux-builds/releases/assets/465072866"

[tools.tmux."platforms.macos-arm64"]
checksum = "sha256:ee66dbcd49613eb41dc6b2f3abc5cd39d9135d67b7dfef1fdb180a3dbdc01f1e"
url = "https://github.com/tmux/tmux-builds/releases/download/v3.7b/tmux-3.7b-macos-arm64.tar.gz"
url_api = "https://api.github.com/repos/tmux/tmux-builds/releases/assets/465072864"

[[tools.yazi]]
version = "26.5.6"
backend = "aqua:sxyazi/yazi"

[tools.yazi."platforms.linux-x64"]
checksum = "sha256:1031a02560d053301537195a6661d227c15cb4ce5c30481050b31e2b88681bff"
url = "https://github.com/sxyazi/yazi/releases/download/v26.5.6/yazi-x86_64-unknown-linux-musl.zip"
url_api = "https://api.github.com/repos/sxyazi/yazi/releases/assets/412871954"

[tools.yazi."platforms.macos-arm64"]
checksum = "sha256:7abd71725e2fe27bed036becbf6ce79fa17964eb68491d34190011c94b8c7ca8"
url = "https://github.com/sxyazi/yazi/releases/download/v26.5.6/yazi-aarch64-apple-darwin.zip"
url_api = "https://api.github.com/repos/sxyazi/yazi/releases/assets/412871956"

[[tools.zoxide]]
version = "0.10.0"
backend = "aqua:ajeetdsouza/zoxide"

[tools.zoxide."platforms.linux-x64"]
checksum = "sha256:2d93385b99f3e82cf2701609a1bffcad863fbeb75aa3fe7eb6be4d29be68b1ae"
url = "https://github.com/ajeetdsouza/zoxide/releases/download/v0.10.0/zoxide-0.10.0-x86_64-unknown-linux-musl.tar.gz"
url_api = "https://api.github.com/repos/ajeetdsouza/zoxide/releases/assets/466316293"

[tools.zoxide."platforms.macos-arm64"]
checksum = "sha256:b55ae6f2f5f23d0a6ccb3bd4eeb2af9c7e0a6556e5255c82100e40305129bbb0"
url = "https://github.com/ajeetdsouza/zoxide/releases/download/v0.10.0/zoxide-0.10.0-aarch64-apple-darwin.tar.gz"
url_api = "https://api.github.com/repos/ajeetdsouza/zoxide/releases/assets/466316174"
